
Microsoft Visual Studio Solution File, Format Version 12.00
Project("{FAE04EC0-301F-11D3-BF4B-00C04F79EFBC}") = "OneGuard", "OneGuard\OneGuard.csproj", "{0B8401A3-72E7-4407-93AA-CFDB0896109C}"
EndProject
Project("{2150E333-8FDC-42A3-9474-1A3956D46DE8}") = "Docker", "Docker", "{69BF5BB8-9600-447D-BEAE-10A0D5774AE2}"
	ProjectSection(SolutionItems) = preProject
		Dockerfile = Dockerfile
	EndProjectSection
EndProject
Global
	GlobalSection(SolutionConfigurationPlatforms) = preSolution
		Debug|Any CPU = Debug|Any CPU
		Release|Any CPU = Release|Any CPU
	EndGlobalSection
	GlobalSection(ProjectConfigurationPlatforms) = postSolution
		{0B8401A3-72E7-4407-93AA-CFDB0896109C}.Debug|Any CPU.ActiveCfg = Debug|Any CPU
		{0B8401A3-72E7-4407-93AA-CFDB0896109C}.Debug|Any CPU.Build.0 = Debug|Any CPU
		{0B8401A3-72E7-4407-93AA-CFDB0896109C}.Release|Any CPU.ActiveCfg = Release|Any CPU
		{0B8401A3-72E7-4407-93AA-CFDB0896109C}.Release|Any CPU.Build.0 = Release|Any CPU
	EndGlobalSection
EndGlobal
